
Microsoft Visual Studio Solution File, Format Version 12.00
# Visual Studio Version 17
VisualStudioVersion = 17.10.35122.118
MinimumVisualStudioVersion = 10.0.40219.1
Project("{9A19103F-16F7-4668-BE54-9A1E7A4F7556}") = "WebBanSach", "WebBanSach\WebBanSach.csproj", "{96849C97-59FD-43DE-A78B-2BF94CB8CFDE}"
EndProject
Project("{9A19103F-16F7-4668-BE54-9A1E7A4F7556}") = "BanSach.DataAccess", "BanSach.DataAccess\BanSach.DataAccess.csproj", "{EEA2BBAB-E82E-45EC-A8ED-5255ACA70065}"
EndProject
Project("{9A19103F-16F7-4668-BE54-9A1E7A4F7556}") = "BanSach.Models", "BanSach.Model\BanSach.Models.csproj", "{E3577290-D147-4356-96AE-289A19402F93}"
EndProject
Project("{9A19103F-16F7-4668-BE54-9A1E7A4F7556}") = "BanSach.Utility", "BanSach.Utility\BanSach.Utility.csproj", "{DA94CA53-F192-4938-844A-37BAA89072D6}"
EndProject
Global
	GlobalSection(SolutionConfigurationPlatforms) = preSolution
		Debug|Any CPU = Debug|Any CPU
		Release|Any CPU = Release|Any CPU
	EndGlobalSection
	GlobalSection(ProjectConfigurationPlatforms) = postSolution
		{96849C97-59FD-43DE-A78B-2BF94CB8CFDE}.Debug|Any CPU.ActiveCfg = Debug|Any CPU
		{96849C97-59FD-43DE-A78B-2BF94CB8CFDE}.Debug|Any CPU.Build.0 = Debug|Any CPU
		{96849C97-59FD-43DE-A78B-2BF94CB8CFDE}.Release|Any CPU.ActiveCfg = Release|Any CPU
		{96849C97-59FD-43DE-A78B-2BF94CB8CFDE}.Release|Any CPU.Build.0 = Release|Any CPU
		{EEA2BBAB-E82E-45EC-A8ED-5255ACA70065}.Debug|Any CPU.ActiveCfg = Debug|Any CPU
		{EEA2BBAB-E82E-45EC-A8ED-5255ACA70065}.Debug|Any CPU.Build.0 = Debug|Any CPU
		{EEA2BBAB-E82E-45EC-A8ED-5255ACA70065}.Release|Any CPU.ActiveCfg = Release|Any CPU
		{EEA2BBAB-E82E-45EC-A8ED-5255ACA70065}.Release|Any CPU.Build.0 = Release|Any CPU
		{E3577290-D147-4356-96AE-289A19402F93}.Debug|Any CPU.ActiveCfg = Debug|Any CPU
		{E3577290-D147-4356-96AE-289A19402F93}.Debug|Any CPU.Build.0 = Debug|Any CPU
		{E3577290-D147-4356-96AE-289A19402F93}.Release|Any CPU.ActiveCfg = Release|Any CPU
		{E3577290-D147-4356-96AE-289A19402F93}.Release|Any CPU.Build.0 = Release|Any CPU
		{DA94CA53-F192-4938-844A-37BAA89072D6}.Debug|Any CPU.ActiveCfg = Debug|Any CPU
		{DA94CA53-F192-4938-844A-37BAA89072D6}.Debug|Any CPU.Build.0 = Debug|Any CPU
		{DA94CA53-F192-4938-844A-37BAA89072D6}.Release|Any CPU.ActiveCfg = Release|Any CPU
		{DA94CA53-F192-4938-844A-37BAA89072D6}.Release|Any CPU.Build.0 = Release|Any CPU
	EndGlobalSection
	GlobalSection(SolutionProperties) = preSolution
		HideSolutionNode = FALSE
	EndGlobalSection
	GlobalSection(ExtensibilityGlobals) = postSolution
		SolutionGuid = {FDBA0C5C-A3E1-4E0B-93B1-E3334960B8D9}
	EndGlobalSection
EndGlobal
